
Microsoft Visual Studio Solution File, Format Version 12.00
# Visual Studio Version 16
VisualStudioVersion = 16.0.33214.272
MinimumVisualStudioVersion = 10.0.40219.1
Project("{2150E333-8FDC-42A3-9474-1A3956D46DE8}") = "FrontEnd", "FrontEnd", "{188C5DED-4F1F-4345-9911-645EE350C7DC}"
EndProject
Project("{2150E333-8FDC-42A3-9474-1A3956D46DE8}") = "Services", "Services", "{3C2A1AB2-05EE-43B7-92AF-14D6E6F997A8}"
EndProject
Project("{9A19103F-16F7-4668-BE54-9A1E7A4F7556}") = "GeekShopping.Web", "GeekShopping.Web\GeekShopping.Web.csproj", "{4804E0A4-7EFB-438C-ACE0-F58A93730B1A}"
EndProject
Project("{9A19103F-16F7-4668-BE54-9A1E7A4F7556}") = "GeekShopping.ProductAPI", "GeekShopping.ProductAPI\GeekShopping.ProductAPI.csproj", "{634E5702-4C67-4371-8050-B45A282476ED}"
EndProject
Project("{9A19103F-16F7-4668-BE54-9A1E7A4F7556}") = "GeekShopping.IdentityServer", "GeekShopping.IdentityServer\GeekShopping.IdentityServer.csproj", "{28B3940D-1CCE-4057-B48E-1046AA8DDB2A}"
EndProject
Project("{9A19103F-16F7-4668-BE54-9A1E7A4F7556}") = "GeekShopping.CartAPI", "GeekShopping.CartAPI\GeekShopping.CartAPI.csproj", "{ED96BDA8-34BE-4149-8D90-4DAB971D3B15}"
EndProject
Project("{9A19103F-16F7-4668-BE54-9A1E7A4F7556}") = "GeekShopping.CouponAPI", "GeekShopping.CouponAPI\GeekShopping.CouponAPI.csproj", "{DA5A8C48-4B6E-48B3-AD85-1B1CD77AA295}"
EndProject
Project("{2150E333-8FDC-42A3-9474-1A3956D46DE8}") = "Integration", "Integration", "{11860344-1776-43B0-9437-45C35D7D8017}"
EndProject
Project("{9A19103F-16F7-4668-BE54-9A1E7A4F7556}") = "GeekShopping.MessageBus", "GeekShopping.MessageBus\GeekShopping.MessageBus.csproj", "{51E91929-6E7A-4E52-89F3-DC2364F2C02F}"
EndProject
Project("{9A19103F-16F7-4668-BE54-9A1E7A4F7556}") = "GeekShopping.OrderAPI", "GeekShopping.OrderAPI\GeekShopping.OrderAPI.csproj", "{B3429F1D-5F04-4CC3-9B75-AD21E88229E6}"
EndProject
Project("{2150E333-8FDC-42A3-9474-1A3956D46DE8}") = "Payments", "Payments", "{ED97F702-1EDE-4172-9521-C8508A5C3E5B}"
EndProject
Project("{9A19103F-16F7-4668-BE54-9A1E7A4F7556}") = "GeekShopping.PaymentProcessor", "GeekShopping.PaymentProcessor\GeekShopping.PaymentProcessor.csproj", "{C79D0808-F9ED-4F39-833C-49B5CE55A6AE}"
EndProject
Project("{9A19103F-16F7-4668-BE54-9A1E7A4F7556}") = "GeekShopping.PaymentAPI", "GeekShopping.PaymentAPI\GeekShopping.PaymentAPI.csproj", "{417B162C-3445-4B86-9600-76C3996327BD}"
EndProject
Project("{FAE04EC0-301F-11D3-BF4B-00C04F79EFBC}") = "GeekShopping.Email", "GeekShopping.Email\GeekShopping.Email.csproj", "{6D0F84CC-E735-4CDC-8026-1784881ACE4D}"
EndProject
Global
	GlobalSection(SolutionConfigurationPlatforms) = preSolution
		Debug|Any CPU = Debug|Any CPU
		Release|Any CPU = Release|Any CPU
	EndGlobalSection
	GlobalSection(ProjectConfigurationPlatforms) = postSolution
		{4804E0A4-7EFB-438C-ACE0-F58A93730B1A}.Debug|Any CPU.ActiveCfg = Debug|Any CPU
		{4804E0A4-7EFB-438C-ACE0-F58A93730B1A}.Debug|Any CPU.Build.0 = Debug|Any CPU
		{4804E0A4-7EFB-438C-ACE0-F58A93730B1A}.Release|Any CPU.ActiveCfg = Release|Any CPU
		{4804E0A4-7EFB-438C-ACE0-F58A93730B1A}.Release|Any CPU.Build.0 = Release|Any CPU
		{634E5702-4C67-4371-8050-B45A282476ED}.Debug|Any CPU.ActiveCfg = Debug|Any CPU
		{634E5702-4C67-4371-8050-B45A282476ED}.Debug|Any CPU.Build.0 = Debug|Any CPU
		{634E5702-4C67-4371-8050-B45A282476ED}.Release|Any CPU.ActiveCfg = Release|Any CPU
		{634E5702-4C67-4371-8050-B45A282476ED}.Release|Any CPU.Build.0 = Release|Any CPU
		{28B3940D-1CCE-4057-B48E-1046AA8DDB2A}.Debug|Any CPU.ActiveCfg = Debug|Any CPU
		{28B3940D-1CCE-4057-B48E-1046AA8DDB2A}.Debug|Any CPU.Build.0 = Debug|Any CPU
		{28B3940D-1CCE-4057-B48E-1046AA8DDB2A}.Release|Any CPU.ActiveCfg = Release|Any CPU
		{28B3940D-1CCE-4057-B48E-1046AA8DDB2A}.Release|Any CPU.Build.0 = Release|Any CPU
		{ED96BDA8-34BE-4149-8D90-4DAB971D3B15}.Debug|Any CPU.ActiveCfg = Debug|Any CPU
		{ED96BDA8-34BE-4149-8D90-4DAB971D3B15}.Debug|Any CPU.Build.0 = Debug|Any CPU
		{ED96BDA8-34BE-4149-8D90-4DAB971D3B15}.Release|Any CPU.ActiveCfg = Release|Any CPU
		{ED96BDA8-34BE-4149-8D90-4DAB971D3B15}.Release|Any CPU.Build.0 = Release|Any CPU
		{DA5A8C48-4B6E-48B3-AD85-1B1CD77AA295}.Debug|Any CPU.ActiveCfg = Debug|Any CPU
		{DA5A8C48-4B6E-48B3-AD85-1B1CD77AA295}.Debug|Any CPU.Build.0 = Debug|Any CPU
		{DA5A8C48-4B6E-48B3-AD85-1B1CD77AA295}.Release|Any CPU.ActiveCfg = Release|Any CPU
		{DA5A8C48-4B6E-48B3-AD85-1B1CD77AA295}.Release|Any CPU.Build.0 = Release|Any CPU
		{51E91929-6E7A-4E52-89F3-DC2364F2C02F}.Debug|Any CPU.ActiveCfg = Debug|Any CPU
		{51E91929-6E7A-4E52-89F3-DC2364F2C02F}.Debug|Any CPU.Build.0 = Debug|Any CPU
		{51E91929-6E7A-4E52-89F3-DC2364F2C02F}.Release|Any CPU.ActiveCfg = Release|Any CPU
		{51E91929-6E7A-4E52-89F3-DC2364F2C02F}.Release|Any CPU.Build.0 = Release|Any CPU
		{B3429F1D-5F04-4CC3-9B75-AD21E88229E6}.Debug|Any CPU.ActiveCfg = Debug|Any CPU
		{B3429F1D-5F04-4CC3-9B75-AD21E88229E6}.Debug|Any CPU.Build.0 = Debug|Any CPU
		{B3429F1D-5F04-4CC3-9B75-AD21E88229E6}.Release|Any CPU.ActiveCfg = Release|Any CPU
		{B3429F1D-5F04-4CC3-9B75-AD21E88229E6}.Release|Any CPU.Build.0 = Release|Any CPU
		{C79D0808-F9ED-4F39-833C-49B5CE55A6AE}.Debug|Any CPU.ActiveCfg = Debug|Any CPU
		{C79D0808-F9ED-4F39-833C-49B5CE55A6AE}.Debug|Any CPU.Build.0 = Debug|Any CPU
		{C79D0808-F9ED-4F39-833C-49B5CE55A6AE}.Release|Any CPU.ActiveCfg = Release|Any CPU
		{C79D0808-F9ED-4F39-833C-49B5CE55A6AE}.Release|Any CPU.Build.0 = Release|Any CPU
		{417B162C-3445-4B86-9600-76C3996327BD}.Debug|Any CPU.ActiveCfg = Debug|Any CPU
		{417B162C-3445-4B86-9600-76C3996327BD}.Debug|Any CPU.Build.0 = Debug|Any CPU
		{417B162C-3445-4B86-9600-76C3996327BD}.Release|Any CPU.ActiveCfg = Release|Any CPU
		{417B162C-3445-4B86-9600-76C3996327BD}.Release|Any CPU.Build.0 = Release|Any CPU
		{6D0F84CC-E735-4CDC-8026-1784881ACE4D}.Debug|Any CPU.ActiveCfg = Debug|Any CPU
		{6D0F84CC-E735-4CDC-8026-1784881ACE4D}.Debug|Any CPU.Build.0 = Debug|Any CPU
		{6D0F84CC-E735-4CDC-8026-1784881ACE4D}.Release|Any CPU.ActiveCfg = Release|Any CPU
		{6D0F84CC-E735-4CDC-8026-1784881ACE4D}.Release|Any CPU.Build.0 = Release|Any CPU
	EndGlobalSection
	GlobalSection(SolutionProperties) = preSolution
		HideSolutionNode = FALSE
	EndGlobalSection
	GlobalSection(NestedProjects) = preSolution
		{4804E0A4-7EFB-438C-ACE0-F58A93730B1A} = {188C5DED-4F1F-4345-9911-645EE350C7DC}
		{634E5702-4C67-4371-8050-B45A282476ED} = {3C2A1AB2-05EE-43B7-92AF-14D6E6F997A8}
		{28B3940D-1CCE-4057-B48E-1046AA8DDB2A} = {3C2A1AB2-05EE-43B7-92AF-14D6E6F997A8}
		{ED96BDA8-34BE-4149-8D90-4DAB971D3B15} = {3C2A1AB2-05EE-43B7-92AF-14D6E6F997A8}
		{DA5A8C48-4B6E-48B3-AD85-1B1CD77AA295} = {3C2A1AB2-05EE-43B7-92AF-14D6E6F997A8}
		{51E91929-6E7A-4E52-89F3-DC2364F2C02F} = {11860344-1776-43B0-9437-45C35D7D8017}
		{B3429F1D-5F04-4CC3-9B75-AD21E88229E6} = {3C2A1AB2-05EE-43B7-92AF-14D6E6F997A8}
		{C79D0808-F9ED-4F39-833C-49B5CE55A6AE} = {ED97F702-1EDE-4172-9521-C8508A5C3E5B}
		{417B162C-3445-4B86-9600-76C3996327BD} = {3C2A1AB2-05EE-43B7-92AF-14D6E6F997A8}
		{6D0F84CC-E735-4CDC-8026-1784881ACE4D} = {3C2A1AB2-05EE-43B7-92AF-14D6E6F997A8}
	EndGlobalSection
	GlobalSection(ExtensibilityGlobals) = postSolution
		SolutionGuid = {F40696CD-879D-4E17-9829-FE3E5E5C109E}
	EndGlobalSection
EndGlobal
